
Microsoft Visual Studio Solution File, Format Version 12.00
# Visual Studio Version 17
VisualStudioVersion = 17.3.32929.385
MinimumVisualStudioVersion = 10.0.40219.1
Project("{2150E333-8FDC-42A3-9474-1A3956D46DE8}") = "src", "src", "{AFBFFE07-9E43-48EB-B54E-26387B957CA1}"
EndProject
Project("{8BC9CEB8-8B4A-11D0-8D11-00A0C91BC942}") = "Boat Parts", "src\Boat Parts\Boat Parts.vcxproj", "{CA4E544C-2C0E-48F1-9819-CCA017E5F8D1}"
EndProject
Project("{8BC9CEB8-8B4A-11D0-8D11-00A0C91BC942}") = "Tram", "src\Tram\Tram.vcxproj", "{4B30B442-1E7F-42A5-BFC6-F220D1DB459F}"
EndProject
Project("{8BC9CEB8-8B4A-11D0-8D11-00A0C91BC942}") = "Quality-Adjusted Life-Year", "src\Quality-Adjusted Life-Year\Quality-Adjusted Life-Year.vcxproj", "{515CF5A5-218A-4184-B24D-E0E40CF38269}"
EndProject
Project("{9A19103F-16F7-4668-BE54-9A1E7A4F7556}") = "MoneyMatters", "src\MoneyMatters\MoneyMatters.csproj", "{5F885203-23E0-483E-9DFE-EF3BAA2E44C4}"
EndProject
Project("{FAE04EC0-301F-11D3-BF4B-00C04F79EFBC}") = "JudgingMoose", "src\JudgingMoose\JudgingMoose.csproj", "{08C8A684-FDA5-4DE9-8465-CA059C1AC642}"
EndProject
Project("{FAE04EC0-301F-11D3-BF4B-00C04F79EFBC}") = "AddingWords", "src\AddingWords\AddingWords.csproj", "{4BE23AE4-C075-4F99-BBAC-9B4429F937C2}"
EndProject
Global
	GlobalSection(SolutionConfigurationPlatforms) = preSolution
		Debug|Any CPU = Debug|Any CPU
		Debug|x64 = Debug|x64
		Debug|x86 = Debug|x86
		Release|Any CPU = Release|Any CPU
		Release|x64 = Release|x64
		Release|x86 = Release|x86
	EndGlobalSection
	GlobalSection(ProjectConfigurationPlatforms) = postSolution
		{CA4E544C-2C0E-48F1-9819-CCA017E5F8D1}.Debug|Any CPU.ActiveCfg = Debug|x64
		{CA4E544C-2C0E-48F1-9819-CCA017E5F8D1}.Debug|Any CPU.Build.0 = Debug|x64
		{CA4E544C-2C0E-48F1-9819-CCA017E5F8D1}.Debug|x64.ActiveCfg = Debug|x64
		{CA4E544C-2C0E-48F1-9819-CCA017E5F8D1}.Debug|x64.Build.0 = Debug|x64
		{CA4E544C-2C0E-48F1-9819-CCA017E5F8D1}.Debug|x86.ActiveCfg = Debug|Win32
		{CA4E544C-2C0E-48F1-9819-CCA017E5F8D1}.Debug|x86.Build.0 = Debug|Win32
		{CA4E544C-2C0E-48F1-9819-CCA017E5F8D1}.Release|Any CPU.ActiveCfg = Release|x64
		{CA4E544C-2C0E-48F1-9819-CCA017E5F8D1}.Release|Any CPU.Build.0 = Release|x64
		{CA4E544C-2C0E-48F1-9819-CCA017E5F8D1}.Release|x64.ActiveCfg = Release|x64
		{CA4E544C-2C0E-48F1-9819-CCA017E5F8D1}.Release|x64.Build.0 = Release|x64
		{CA4E544C-2C0E-48F1-9819-CCA017E5F8D1}.Release|x86.ActiveCfg = Release|Win32
		{CA4E544C-2C0E-48F1-9819-CCA017E5F8D1}.Release|x86.Build.0 = Release|Win32
		{4B30B442-1E7F-42A5-BFC6-F220D1DB459F}.Debug|Any CPU.ActiveCfg = Debug|x64
		{4B30B442-1E7F-42A5-BFC6-F220D1DB459F}.Debug|Any CPU.Build.0 = Debug|x64
		{4B30B442-1E7F-42A5-BFC6-F220D1DB459F}.Debug|x64.ActiveCfg = Debug|x64
		{4B30B442-1E7F-42A5-BFC6-F220D1DB459F}.Debug|x64.Build.0 = Debug|x64
		{4B30B442-1E7F-42A5-BFC6-F220D1DB459F}.Debug|x86.ActiveCfg = Debug|Win32
		{4B30B442-1E7F-42A5-BFC6-F220D1DB459F}.Debug|x86.Build.0 = Debug|Win32
		{4B30B442-1E7F-42A5-BFC6-F220D1DB459F}.Release|Any CPU.ActiveCfg = Release|x64
		{4B30B442-1E7F-42A5-BFC6-F220D1DB459F}.Release|Any CPU.Build.0 = Release|x64
		{4B30B442-1E7F-42A5-BFC6-F220D1DB459F}.Release|x64.ActiveCfg = Release|x64
		{4B30B442-1E7F-42A5-BFC6-F220D1DB459F}.Release|x64.Build.0 = Release|x64
		{4B30B442-1E7F-42A5-BFC6-F220D1DB459F}.Release|x86.ActiveCfg = Release|Win32
		{4B30B442-1E7F-42A5-BFC6-F220D1DB459F}.Release|x86.Build.0 = Release|Win32
		{515CF5A5-218A-4184-B24D-E0E40CF38269}.Debug|Any CPU.ActiveCfg = Debug|x64
		{515CF5A5-218A-4184-B24D-E0E40CF38269}.Debug|Any CPU.Build.0 = Debug|x64
		{515CF5A5-218A-4184-B24D-E0E40CF38269}.Debug|x64.ActiveCfg = Debug|x64
		{515CF5A5-218A-4184-B24D-E0E40CF38269}.Debug|x64.Build.0 = Debug|x64
		{515CF5A5-218A-4184-B24D-E0E40CF38269}.Debug|x86.ActiveCfg = Debug|Win32
		{515CF5A5-218A-4184-B24D-E0E40CF38269}.Debug|x86.Build.0 = Debug|Win32
		{515CF5A5-218A-4184-B24D-E0E40CF38269}.Release|Any CPU.ActiveCfg = Release|x64
		{515CF5A5-218A-4184-B24D-E0E40CF38269}.Release|Any CPU.Build.0 = Release|x64
		{515CF5A5-218A-4184-B24D-E0E40CF38269}.Release|x64.ActiveCfg = Release|x64
		{515CF5A5-218A-4184-B24D-E0E40CF38269}.Release|x64.Build.0 = Release|x64
		{515CF5A5-218A-4184-B24D-E0E40CF38269}.Release|x86.ActiveCfg = Release|Win32
		{515CF5A5-218A-4184-B24D-E0E40CF38269}.Release|x86.Build.0 = Release|Win32
		{5F885203-23E0-483E-9DFE-EF3BAA2E44C4}.Debug|Any CPU.ActiveCfg = Debug|Any CPU
		{5F885203-23E0-483E-9DFE-EF3BAA2E44C4}.Debug|Any CPU.Build.0 = Debug|Any CPU
		{5F885203-23E0-483E-9DFE-EF3BAA2E44C4}.Debug|x64.ActiveCfg = Debug|Any CPU
		{5F885203-23E0-483E-9DFE-EF3BAA2E44C4}.Debug|x64.Build.0 = Debug|Any CPU
		{5F885203-23E0-483E-9DFE-EF3BAA2E44C4}.Debug|x86.ActiveCfg = Debug|Any CPU
		{5F885203-23E0-483E-9DFE-EF3BAA2E44C4}.Debug|x86.Build.0 = Debug|Any CPU
		{5F885203-23E0-483E-9DFE-EF3BAA2E44C4}.Release|Any CPU.ActiveCfg = Release|Any CPU
		{5F885203-23E0-483E-9DFE-EF3BAA2E44C4}.Release|Any CPU.Build.0 = Release|Any CPU
		{5F885203-23E0-483E-9DFE-EF3BAA2E44C4}.Release|x64.ActiveCfg = Release|Any CPU
		{5F885203-23E0-483E-9DFE-EF3BAA2E44C4}.Release|x64.Build.0 = Release|Any CPU
		{5F885203-23E0-483E-9DFE-EF3BAA2E44C4}.Release|x86.ActiveCfg = Release|Any CPU
		{5F885203-23E0-483E-9DFE-EF3BAA2E44C4}.Release|x86.Build.0 = Release|Any CPU
		{08C8A684-FDA5-4DE9-8465-CA059C1AC642}.Debug|Any CPU.ActiveCfg = Debug|Any CPU
		{08C8A684-FDA5-4DE9-8465-CA059C1AC642}.Debug|Any CPU.Build.0 = Debug|Any CPU
		{08C8A684-FDA5-4DE9-8465-CA059C1AC642}.Debug|x64.ActiveCfg = Debug|Any CPU
		{08C8A684-FDA5-4DE9-8465-CA059C1AC642}.Debug|x64.Build.0 = Debug|Any CPU
		{08C8A684-FDA5-4DE9-8465-CA059C1AC642}.Debug|x86.ActiveCfg = Debug|Any CPU
		{08C8A684-FDA5-4DE9-8465-CA059C1AC642}.Debug|x86.Build.0 = Debug|Any CPU
		{08C8A684-FDA5-4DE9-8465-CA059C1AC642}.Release|Any CPU.ActiveCfg = Release|Any CPU
		{08C8A684-FDA5-4DE9-8465-CA059C1AC642}.Release|Any CPU.Build.0 = Release|Any CPU
		{08C8A684-FDA5-4DE9-8465-CA059C1AC642}.Release|x64.ActiveCfg = Release|Any CPU
		{08C8A684-FDA5-4DE9-8465-CA059C1AC642}.Release|x64.Build.0 = Release|Any CPU
		{08C8A684-FDA5-4DE9-8465-CA059C1AC642}.Release|x86.ActiveCfg = Release|Any CPU
		{08C8A684-FDA5-4DE9-8465-CA059C1AC642}.Release|x86.Build.0 = Release|Any CPU
		{4BE23AE4-C075-4F99-BBAC-9B4429F937C2}.Debug|Any CPU.ActiveCfg = Debug|Any CPU
		{4BE23AE4-C075-4F99-BBAC-9B4429F937C2}.Debug|Any CPU.Build.0 = Debug|Any CPU
		{4BE23AE4-C075-4F99-BBAC-9B4429F937C2}.Debug|x64.ActiveCfg = Debug|Any CPU
		{4BE23AE4-C075-4F99-BBAC-9B4429F937C2}.Debug|x64.Build.0 = Debug|Any CPU
		{4BE23AE4-C075-4F99-BBAC-9B4429F937C2}.Debug|x86.ActiveCfg = Debug|Any CPU
		{4BE23AE4-C075-4F99-BBAC-9B4429F937C2}.Debug|x86.Build.0 = Debug|Any CPU
		{4BE23AE4-C075-4F99-BBAC-9B4429F937C2}.Release|Any CPU.ActiveCfg = Release|Any CPU
		{4BE23AE4-C075-4F99-BBAC-9B4429F937C2}.Release|Any CPU.Build.0 = Release|Any CPU
		{4BE23AE4-C075-4F99-BBAC-9B4429F937C2}.Release|x64.ActiveCfg = Release|Any CPU
		{4BE23AE4-C075-4F99-BBAC-9B4429F937C2}.Release|x64.Build.0 = Release|Any CPU
		{4BE23AE4-C075-4F99-BBAC-9B4429F937C2}.Release|x86.ActiveCfg = Release|Any CPU
		{4BE23AE4-C075-4F99-BBAC-9B4429F937C2}.Release|x86.Build.0 = Release|Any CPU
	EndGlobalSection
	GlobalSection(SolutionProperties) = preSolution
		HideSolutionNode = FALSE
	EndGlobalSection
	GlobalSection(NestedProjects) = preSolution
		{CA4E544C-2C0E-48F1-9819-CCA017E5F8D1} = {AFBFFE07-9E43-48EB-B54E-26387B957CA1}
		{4B30B442-1E7F-42A5-BFC6-F220D1DB459F} = {AFBFFE07-9E43-48EB-B54E-26387B957CA1}
		{515CF5A5-218A-4184-B24D-E0E40CF38269} = {AFBFFE07-9E43-48EB-B54E-26387B957CA1}
		{5F885203-23E0-483E-9DFE-EF3BAA2E44C4} = {AFBFFE07-9E43-48EB-B54E-26387B957CA1}
		{08C8A684-FDA5-4DE9-8465-CA059C1AC642} = {AFBFFE07-9E43-48EB-B54E-26387B957CA1}
		{4BE23AE4-C075-4F99-BBAC-9B4429F937C2} = {AFBFFE07-9E43-48EB-B54E-26387B957CA1}
	EndGlobalSection
	GlobalSection(ExtensibilityGlobals) = postSolution
		SolutionGuid = {A5115EA5-0982-49D5-959A-B819E410B8F1}
	EndGlobalSection
EndGlobal
